# This file is automatically @generated by Cargo.
# It is not intended for manual editing.
version = 3

[[package]]
name = "hashbag"
version = "0.1.9"
source = "registry+https://github.com/rust-lang/crates.io-index"
checksum = "c759d39a226f021f488936b2d3a26b16d9a1246e931adcec5c5b057388adceb3"

[[package]]
name = "spell"
version = "0.1.0"
dependencies = [
 "hashbag",
]
